
Microsoft Visual Studio Solution File, Format Version 12.00
# Visual Studio 2012
Project("{FAE04EC0-301F-11D3-BF4B-00C04F79EFBC}") = "RIANok", "RIANok\RIANok.csproj", "{B8E1C0F5-ADD1-4363-A0B6-02F6B9614EFB}"
EndProject
Global
	GlobalSection(SolutionConfigurationPlatforms) = preSolution
		Debug|Any CPU = Debug|Any CPU
		Release|Any CPU = Release|Any CPU
	EndGlobalSection
	GlobalSection(ProjectConfigurationPlatforms) = postSolution
		{B8E1C0F5-ADD1-4363-A0B6-02F6B9614EFB}.Debug|Any CPU.ActiveCfg = Debug|Any CPU
		{B8E1C0F5-ADD1-4363-A0B6-02F6B9614EFB}.Debug|Any CPU.Build.0 = Debug|Any CPU
		{B8E1C0F5-ADD1-4363-A0B6-02F6B9614EFB}.Release|Any CPU.ActiveCfg = Release|Any CPU
		{B8E1C0F5-ADD1-4363-A0B6-02F6B9614EFB}.Release|Any CPU.Build.0 = Release|Any CPU
	EndGlobalSection
	GlobalSection(SolutionProperties) = preSolution
		HideSolutionNode = FALSE
	EndGlobalSection
EndGlobal
